
Microsoft Visual Studio Solution File, Format Version 10.00
# Visual Studio 2008
Project("{FAE04EC0-301F-11D3-BF4B-00C04F79EFBC}") = "MusicWeb", "MusicWeb\MusicWeb.csproj", "{AA1197AC-2DD0-4D4C-A191-8A55866DECDD}"
EndProject
Project("{FAE04EC0-301F-11D3-BF4B-00C04F79EFBC}") = "Test", "Test\Test.csproj", "{DB6DE06A-4171-4FEA-BAC3-087E4C2DB15C}"
EndProject
Project("{FAE04EC0-301F-11D3-BF4B-00C04F79EFBC}") = "MusicCommon", "MusicCommon\MusicCommon.csproj", "{722B5BB4-683A-438A-9B5A-620459AAA68B}"
EndProject
Project("{FAE04EC0-301F-11D3-BF4B-00C04F79EFBC}") = "MusicCrawler", "MusicCrawler\MusicCrawler.csproj", "{D662410C-68DE-4F7C-A024-2229A8BB2AEC}"
	ProjectSection(ProjectDependencies) = postProject
		{722B5BB4-683A-438A-9B5A-620459AAA68B} = {722B5BB4-683A-438A-9B5A-620459AAA68B}
	EndProjectSection
EndProject
Project("{FAE04EC0-301F-11D3-BF4B-00C04F79EFBC}") = "MusicRunner", "MusicRunner\MusicRunner.csproj", "{6109E934-FF54-4065-9CD2-46D17CFDB0A0}"
	ProjectSection(ProjectDependencies) = postProject
		{D662410C-68DE-4F7C-A024-2229A8BB2AEC} = {D662410C-68DE-4F7C-A024-2229A8BB2AEC}
		{722B5BB4-683A-438A-9B5A-620459AAA68B} = {722B5BB4-683A-438A-9B5A-620459AAA68B}
	EndProjectSection
EndProject
Project("{FAE04EC0-301F-11D3-BF4B-00C04F79EFBC}") = "BaiduMusic", "MusicPlugin\BaiduMusic\BaiduMusic.csproj", "{3695993A-A576-4D84-AD1A-8147DB21896D}"
	ProjectSection(ProjectDependencies) = postProject
		{722B5BB4-683A-438A-9B5A-620459AAA68B} = {722B5BB4-683A-438A-9B5A-620459AAA68B}
	EndProjectSection
EndProject
Project("{FAE04EC0-301F-11D3-BF4B-00C04F79EFBC}") = "BaiduQuickMusic", "MusicPlugin\BaiduQuickMusic\BaiduQuickMusic.csproj", "{EA29CDC0-CC4B-4B33-A723-384539B33C77}"
	ProjectSection(ProjectDependencies) = postProject
		{722B5BB4-683A-438A-9B5A-620459AAA68B} = {722B5BB4-683A-438A-9B5A-620459AAA68B}
	EndProjectSection
EndProject
Project("{FAE04EC0-301F-11D3-BF4B-00C04F79EFBC}") = "SosoMusic", "MusicPlugin\SosoMusic\SosoMusic.csproj", "{83A990D0-9DED-40A4-9CE9-C79C26A90E60}"
	ProjectSection(ProjectDependencies) = postProject
		{722B5BB4-683A-438A-9B5A-620459AAA68B} = {722B5BB4-683A-438A-9B5A-620459AAA68B}
	EndProjectSection
EndProject
Project("{FAE04EC0-301F-11D3-BF4B-00C04F79EFBC}") = "TTLrc", "MusicPlugin\TTLrc\TTLrc.csproj", "{91D6782A-4E9E-45AF-85A5-DF10121F4601}"
	ProjectSection(ProjectDependencies) = postProject
		{D662410C-68DE-4F7C-A024-2229A8BB2AEC} = {D662410C-68DE-4F7C-A024-2229A8BB2AEC}
		{722B5BB4-683A-438A-9B5A-620459AAA68B} = {722B5BB4-683A-438A-9B5A-620459AAA68B}
	EndProjectSection
EndProject
Project("{2150E333-8FDC-42A3-9474-1A3956D46DE8}") = "MusicPlugin", "MusicPlugin", "{34AD6840-A0C2-4558-8023-5CEA0B13BC29}"
EndProject
Project("{FAE04EC0-301F-11D3-BF4B-00C04F79EFBC}") = "ISearch", "ISearch\ISearch.csproj", "{F0740208-8220-4381-AABF-279C86B090EF}"
EndProject
Project("{FAE04EC0-301F-11D3-BF4B-00C04F79EFBC}") = "MusicService", "MusicService\MusicService.csproj", "{2C4ABEA8-DBC1-436C-82BD-AF51F6E4BDA3}"
EndProject
Global
	GlobalSection(SolutionConfigurationPlatforms) = preSolution
		Debug|Any CPU = Debug|Any CPU
		Release|Any CPU = Release|Any CPU
	EndGlobalSection
	GlobalSection(ProjectConfigurationPlatforms) = postSolution
		{AA1197AC-2DD0-4D4C-A191-8A55866DECDD}.Debug|Any CPU.ActiveCfg = Debug|Any CPU
		{AA1197AC-2DD0-4D4C-A191-8A55866DECDD}.Debug|Any CPU.Build.0 = Debug|Any CPU
		{AA1197AC-2DD0-4D4C-A191-8A55866DECDD}.Release|Any CPU.ActiveCfg = Release|Any CPU
		{AA1197AC-2DD0-4D4C-A191-8A55866DECDD}.Release|Any CPU.Build.0 = Release|Any CPU
		{DB6DE06A-4171-4FEA-BAC3-087E4C2DB15C}.Debug|Any CPU.ActiveCfg = Debug|Any CPU
		{DB6DE06A-4171-4FEA-BAC3-087E4C2DB15C}.Debug|Any CPU.Build.0 = Debug|Any CPU
		{DB6DE06A-4171-4FEA-BAC3-087E4C2DB15C}.Release|Any CPU.ActiveCfg = Release|Any CPU
		{DB6DE06A-4171-4FEA-BAC3-087E4C2DB15C}.Release|Any CPU.Build.0 = Release|Any CPU
		{722B5BB4-683A-438A-9B5A-620459AAA68B}.Debug|Any CPU.ActiveCfg = Debug|Any CPU
		{722B5BB4-683A-438A-9B5A-620459AAA68B}.Debug|Any CPU.Build.0 = Debug|Any CPU
		{722B5BB4-683A-438A-9B5A-620459AAA68B}.Release|Any CPU.ActiveCfg = Release|Any CPU
		{722B5BB4-683A-438A-9B5A-620459AAA68B}.Release|Any CPU.Build.0 = Release|Any CPU
		{D662410C-68DE-4F7C-A024-2229A8BB2AEC}.Debug|Any CPU.ActiveCfg = Debug|Any CPU
		{D662410C-68DE-4F7C-A024-2229A8BB2AEC}.Debug|Any CPU.Build.0 = Debug|Any CPU
		{D662410C-68DE-4F7C-A024-2229A8BB2AEC}.Release|Any CPU.ActiveCfg = Release|Any CPU
		{D662410C-68DE-4F7C-A024-2229A8BB2AEC}.Release|Any CPU.Build.0 = Release|Any CPU
		{6109E934-FF54-4065-9CD2-46D17CFDB0A0}.Debug|Any CPU.ActiveCfg = Debug|Any CPU
		{6109E934-FF54-4065-9CD2-46D17CFDB0A0}.Debug|Any CPU.Build.0 = Debug|Any CPU
		{6109E934-FF54-4065-9CD2-46D17CFDB0A0}.Release|Any CPU.ActiveCfg = Release|Any CPU
		{6109E934-FF54-4065-9CD2-46D17CFDB0A0}.Release|Any CPU.Build.0 = Release|Any CPU
		{3695993A-A576-4D84-AD1A-8147DB21896D}.Debug|Any CPU.ActiveCfg = Debug|Any CPU
		{3695993A-A576-4D84-AD1A-8147DB21896D}.Debug|Any CPU.Build.0 = Debug|Any CPU
		{3695993A-A576-4D84-AD1A-8147DB21896D}.Release|Any CPU.ActiveCfg = Release|Any CPU
		{3695993A-A576-4D84-AD1A-8147DB21896D}.Release|Any CPU.Build.0 = Release|Any CPU
		{EA29CDC0-CC4B-4B33-A723-384539B33C77}.Debug|Any CPU.ActiveCfg = Debug|Any CPU
		{EA29CDC0-CC4B-4B33-A723-384539B33C77}.Debug|Any CPU.Build.0 = Debug|Any CPU
		{EA29CDC0-CC4B-4B33-A723-384539B33C77}.Release|Any CPU.ActiveCfg = Release|Any CPU
		{EA29CDC0-CC4B-4B33-A723-384539B33C77}.Release|Any CPU.Build.0 = Release|Any CPU
		{83A990D0-9DED-40A4-9CE9-C79C26A90E60}.Debug|Any CPU.ActiveCfg = Debug|Any CPU
		{83A990D0-9DED-40A4-9CE9-C79C26A90E60}.Debug|Any CPU.Build.0 = Debug|Any CPU
		{83A990D0-9DED-40A4-9CE9-C79C26A90E60}.Release|Any CPU.ActiveCfg = Release|Any CPU
		{83A990D0-9DED-40A4-9CE9-C79C26A90E60}.Release|Any CPU.Build.0 = Release|Any CPU
		{91D6782A-4E9E-45AF-85A5-DF10121F4601}.Debug|Any CPU.ActiveCfg = Debug|Any CPU
		{91D6782A-4E9E-45AF-85A5-DF10121F4601}.Debug|Any CPU.Build.0 = Debug|Any CPU
		{91D6782A-4E9E-45AF-85A5-DF10121F4601}.Release|Any CPU.ActiveCfg = Release|Any CPU
		{91D6782A-4E9E-45AF-85A5-DF10121F4601}.Release|Any CPU.Build.0 = Release|Any CPU
		{F0740208-8220-4381-AABF-279C86B090EF}.Debug|Any CPU.ActiveCfg = Debug|Any CPU
		{F0740208-8220-4381-AABF-279C86B090EF}.Debug|Any CPU.Build.0 = Debug|Any CPU
		{F0740208-8220-4381-AABF-279C86B090EF}.Release|Any CPU.ActiveCfg = Release|Any CPU
		{F0740208-8220-4381-AABF-279C86B090EF}.Release|Any CPU.Build.0 = Release|Any CPU
		{2C4ABEA8-DBC1-436C-82BD-AF51F6E4BDA3}.Debug|Any CPU.ActiveCfg = Debug|Any CPU
		{2C4ABEA8-DBC1-436C-82BD-AF51F6E4BDA3}.Debug|Any CPU.Build.0 = Debug|Any CPU
		{2C4ABEA8-DBC1-436C-82BD-AF51F6E4BDA3}.Release|Any CPU.ActiveCfg = Release|Any CPU
		{2C4ABEA8-DBC1-436C-82BD-AF51F6E4BDA3}.Release|Any CPU.Build.0 = Release|Any CPU
	EndGlobalSection
	GlobalSection(SolutionProperties) = preSolution
		HideSolutionNode = FALSE
	EndGlobalSection
	GlobalSection(NestedProjects) = preSolution
		{EA29CDC0-CC4B-4B33-A723-384539B33C77} = {34AD6840-A0C2-4558-8023-5CEA0B13BC29}
		{83A990D0-9DED-40A4-9CE9-C79C26A90E60} = {34AD6840-A0C2-4558-8023-5CEA0B13BC29}
		{91D6782A-4E9E-45AF-85A5-DF10121F4601} = {34AD6840-A0C2-4558-8023-5CEA0B13BC29}
		{3695993A-A576-4D84-AD1A-8147DB21896D} = {34AD6840-A0C2-4558-8023-5CEA0B13BC29}
	EndGlobalSection
EndGlobal
